
Microsoft Visual Studio Solution File, Format Version 12.00
# Visual Studio Version 17
VisualStudioVersion = 17.14.37314.3
MinimumVisualStudioVersion = 10.0.40219.1
Project("{FAE04EC0-301F-11D3-BF4B-00C04F79EFBC}") = "Eventy.WebApi", "Eventy.WebApi\Eventy.WebApi.csproj", "{6F46F675-4B89-4348-9FD6-25FD5B5342A0}"
EndProject
Project("{FAE04EC0-301F-11D3-BF4B-00C04F79EFBC}") = "Domain", "Domain\Domain.csproj", "{C1CF5226-108B-40AA-AF4A-B3D5DBABD7E2}"
EndProject
Project("{FAE04EC0-301F-11D3-BF4B-00C04F79EFBC}") = "Application", "Application\Application.csproj", "{45639096-510C-49DE-BE71-DEAFEC57095E}"
EndProject
Project("{FAE04EC0-301F-11D3-BF4B-00C04F79EFBC}") = "Infrastructure", "Infrastructure\Infrastructure.csproj", "{964DFF18-A217-43BA-95CD-4568EBD34E2B}"
EndProject
Project("{54A90642-561A-4BB1-A94E-469ADEE60C69}") = "EventiyApp", "EventiyApp\EventiyApp.esproj", "{E86A1395-DD67-E18F-0496-A74871F3AA5B}"
EndProject
Project("{2150E333-8FDC-42A3-9474-1A3956D46DE8}") = "tests", "tests", "{0AB3BF05-4346-4AA6-1389-037BE0695223}"
EndProject
Project("{FAE04EC0-301F-11D3-BF4B-00C04F79EFBC}") = "Eventy.Testing.Foundation", "tests\Eventy.Testing.Foundation\Eventy.Testing.Foundation.csproj", "{93F9A86A-1A43-4B27-BF9B-9B8526CA1CE6}"
EndProject
Project("{FAE04EC0-301F-11D3-BF4B-00C04F79EFBC}") = "Eventy.Domain.UnitTests", "tests\Eventy.Domain.UnitTests\Eventy.Domain.UnitTests.csproj", "{A55DFDFA-273A-4338-9E60-47761EFCB272}"
EndProject
Project("{FAE04EC0-301F-11D3-BF4B-00C04F79EFBC}") = "Eventy.Application.UnitTests", "tests\Eventy.Application.UnitTests\Eventy.Application.UnitTests.csproj", "{9420CE8C-14A0-42AA-9D17-8E1141E4068D}"
EndProject
Project("{FAE04EC0-301F-11D3-BF4B-00C04F79EFBC}") = "Eventy.IntegrationTests", "tests\Eventy.IntegrationTests\Eventy.IntegrationTests.csproj", "{FF5DD989-F9B8-45D6-A869-FE86769E6125}"
EndProject
Project("{FAE04EC0-301F-11D3-BF4B-00C04F79EFBC}") = "Eventy.ConcurrencyTests", "tests\Eventy.ConcurrencyTests\Eventy.ConcurrencyTests.csproj", "{8BF24580-DC9A-4230-866B-3A214F2CDB6A}"
EndProject
Global
	GlobalSection(SolutionConfigurationPlatforms) = preSolution
		Debug|Any CPU = Debug|Any CPU
		Debug|x64 = Debug|x64
		Debug|x86 = Debug|x86
		Release|Any CPU = Release|Any CPU
		Release|x64 = Release|x64
		Release|x86 = Release|x86
	EndGlobalSection
	GlobalSection(ProjectConfigurationPlatforms) = postSolution
		{6F46F675-4B89-4348-9FD6-25FD5B5342A0}.Debug|Any CPU.ActiveCfg = Debug|Any CPU
		{6F46F675-4B89-4348-9FD6-25FD5B5342A0}.Debug|Any CPU.Build.0 = Debug|Any CPU
		{6F46F675-4B89-4348-9FD6-25FD5B5342A0}.Debug|x64.ActiveCfg = Debug|Any CPU
		{6F46F675-4B89-4348-9FD6-25FD5B5342A0}.Debug|x64.Build.0 = Debug|Any CPU
		{6F46F675-4B89-4348-9FD6-25FD5B5342A0}.Debug|x86.ActiveCfg = Debug|Any CPU
		{6F46F675-4B89-4348-9FD6-25FD5B5342A0}.Debug|x86.Build.0 = Debug|Any CPU
		{6F46F675-4B89-4348-9FD6-25FD5B5342A0}.Release|Any CPU.ActiveCfg = Release|Any CPU
		{6F46F675-4B89-4348-9FD6-25FD5B5342A0}.Release|Any CPU.Build.0 = Release|Any CPU
		{6F46F675-4B89-4348-9FD6-25FD5B5342A0}.Release|x64.ActiveCfg = Release|Any CPU
		{6F46F675-4B89-4348-9FD6-25FD5B5342A0}.Release|x64.Build.0 = Release|Any CPU
		{6F46F675-4B89-4348-9FD6-25FD5B5342A0}.Release|x86.ActiveCfg = Release|Any CPU
		{6F46F675-4B89-4348-9FD6-25FD5B5342A0}.Release|x86.Build.0 = Release|Any CPU
		{C1CF5226-108B-40AA-AF4A-B3D5DBABD7E2}.Debug|Any CPU.ActiveCfg = Debug|Any CPU
		{C1CF5226-108B-40AA-AF4A-B3D5DBABD7E2}.Debug|Any CPU.Build.0 = Debug|Any CPU
		{C1CF5226-108B-40AA-AF4A-B3D5DBABD7E2}.Debug|x64.ActiveCfg = Debug|Any CPU
		{C1CF5226-108B-40AA-AF4A-B3D5DBABD7E2}.Debug|x64.Build.0 = Debug|Any CPU
		{C1CF5226-108B-40AA-AF4A-B3D5DBABD7E2}.Debug|x86.ActiveCfg = Debug|Any CPU
		{C1CF5226-108B-40AA-AF4A-B3D5DBABD7E2}.Debug|x86.Build.0 = Debug|Any CPU
		{C1CF5226-108B-40AA-AF4A-B3D5DBABD7E2}.Release|Any CPU.ActiveCfg = Release|Any CPU
		{C1CF5226-108B-40AA-AF4A-B3D5DBABD7E2}.Release|Any CPU.Build.0 = Release|Any CPU
		{C1CF5226-108B-40AA-AF4A-B3D5DBABD7E2}.Release|x64.ActiveCfg = Release|Any CPU
		{C1CF5226-108B-40AA-AF4A-B3D5DBABD7E2}.Release|x64.Build.0 = Release|Any CPU
		{C1CF5226-108B-40AA-AF4A-B3D5DBABD7E2}.Release|x86.ActiveCfg = Release|Any CPU
		{C1CF5226-108B-40AA-AF4A-B3D5DBABD7E2}.Release|x86.Build.0 = Release|Any CPU
		{45639096-510C-49DE-BE71-DEAFEC57095E}.Debug|Any CPU.ActiveCfg = Debug|Any CPU
		{45639096-510C-49DE-BE71-DEAFEC57095E}.Debug|Any CPU.Build.0 = Debug|Any CPU
		{45639096-510C-49DE-BE71-DEAFEC57095E}.Debug|x64.ActiveCfg = Debug|Any CPU
		{45639096-510C-49DE-BE71-DEAFEC57095E}.Debug|x64.Build.0 = Debug|Any CPU
		{45639096-510C-49DE-BE71-DEAFEC57095E}.Debug|x86.ActiveCfg = Debug|Any CPU
		{45639096-510C-49DE-BE71-DEAFEC57095E}.Debug|x86.Build.0 = Debug|Any CPU
		{45639096-510C-49DE-BE71-DEAFEC57095E}.Release|Any CPU.ActiveCfg = Release|Any CPU
		{45639096-510C-49DE-BE71-DEAFEC57095E}.Release|Any CPU.Build.0 = Release|Any CPU
		{45639096-510C-49DE-BE71-DEAFEC57095E}.Release|x64.ActiveCfg = Release|Any CPU
		{45639096-510C-49DE-BE71-DEAFEC57095E}.Release|x64.Build.0 = Release|Any CPU
		{45639096-510C-49DE-BE71-DEAFEC57095E}.Release|x86.ActiveCfg = Release|Any CPU
		{45639096-510C-49DE-BE71-DEAFEC57095E}.Release|x86.Build.0 = Release|Any CPU
		{964DFF18-A217-43BA-95CD-4568EBD34E2B}.Debug|Any CPU.ActiveCfg = Debug|Any CPU
		{964DFF18-A217-43BA-95CD-4568EBD34E2B}.Debug|Any CPU.Build.0 = Debug|Any CPU
		{964DFF18-A217-43BA-95CD-4568EBD34E2B}.Debug|x64.ActiveCfg = Debug|Any CPU
		{964DFF18-A217-43BA-95CD-4568EBD34E2B}.Debug|x64.Build.0 = Debug|Any CPU
		{964DFF18-A217-43BA-95CD-4568EBD34E2B}.Debug|x86.ActiveCfg = Debug|Any CPU
		{964DFF18-A217-43BA-95CD-4568EBD34E2B}.Debug|x86.Build.0 = Debug|Any CPU
		{964DFF18-A217-43BA-95CD-4568EBD34E2B}.Release|Any CPU.ActiveCfg = Release|Any CPU
		{964DFF18-A217-43BA-95CD-4568EBD34E2B}.Release|Any CPU.Build.0 = Release|Any CPU
		{964DFF18-A217-43BA-95CD-4568EBD34E2B}.Release|x64.ActiveCfg = Release|Any CPU
		{964DFF18-A217-43BA-95CD-4568EBD34E2B}.Release|x64.Build.0 = Release|Any CPU
		{964DFF18-A217-43BA-95CD-4568EBD34E2B}.Release|x86.ActiveCfg = Release|Any CPU
		{964DFF18-A217-43BA-95CD-4568EBD34E2B}.Release|x86.Build.0 = Release|Any CPU
		{E86A1395-DD67-E18F-0496-A74871F3AA5B}.Debug|Any CPU.ActiveCfg = Debug|Any CPU
		{E86A1395-DD67-E18F-0496-A74871F3AA5B}.Debug|Any CPU.Build.0 = Debug|Any CPU
		{E86A1395-DD67-E18F-0496-A74871F3AA5B}.Debug|Any CPU.Deploy.0 = Debug|Any CPU
		{E86A1395-DD67-E18F-0496-A74871F3AA5B}.Debug|x64.ActiveCfg = Debug|x64
		{E86A1395-DD67-E18F-0496-A74871F3AA5B}.Debug|x86.ActiveCfg = Debug|x86
		{E86A1395-DD67-E18F-0496-A74871F3AA5B}.Release|Any CPU.ActiveCfg = Release|Any CPU
		{E86A1395-DD67-E18F-0496-A74871F3AA5B}.Release|Any CPU.Build.0 = Release|Any CPU
		{E86A1395-DD67-E18F-0496-A74871F3AA5B}.Release|Any CPU.Deploy.0 = Release|Any CPU
		{E86A1395-DD67-E18F-0496-A74871F3AA5B}.Release|x64.ActiveCfg = Release|x64
		{E86A1395-DD67-E18F-0496-A74871F3AA5B}.Release|x86.ActiveCfg = Release|x86
		{93F9A86A-1A43-4B27-BF9B-9B8526CA1CE6}.Debug|Any CPU.ActiveCfg = Debug|Any CPU
		{93F9A86A-1A43-4B27-BF9B-9B8526CA1CE6}.Debug|Any CPU.Build.0 = Debug|Any CPU
		{93F9A86A-1A43-4B27-BF9B-9B8526CA1CE6}.Debug|x64.ActiveCfg = Debug|Any CPU
		{93F9A86A-1A43-4B27-BF9B-9B8526CA1CE6}.Debug|x64.Build.0 = Debug|Any CPU
		{93F9A86A-1A43-4B27-BF9B-9B8526CA1CE6}.Debug|x86.ActiveCfg = Debug|Any CPU
		{93F9A86A-1A43-4B27-BF9B-9B8526CA1CE6}.Debug|x86.Build.0 = Debug|Any CPU
		{93F9A86A-1A43-4B27-BF9B-9B8526CA1CE6}.Release|Any CPU.ActiveCfg = Release|Any CPU
		{93F9A86A-1A43-4B27-BF9B-9B8526CA1CE6}.Release|Any CPU.Build.0 = Release|Any CPU
		{93F9A86A-1A43-4B27-BF9B-9B8526CA1CE6}.Release|x64.ActiveCfg = Release|Any CPU
		{93F9A86A-1A43-4B27-BF9B-9B8526CA1CE6}.Release|x64.Build.0 = Release|Any CPU
		{93F9A86A-1A43-4B27-BF9B-9B8526CA1CE6}.Release|x86.ActiveCfg = Release|Any CPU
		{93F9A86A-1A43-4B27-BF9B-9B8526CA1CE6}.Release|x86.Build.0 = Release|Any CPU
		{A55DFDFA-273A-4338-9E60-47761EFCB272}.Debug|Any CPU.ActiveCfg = Debug|Any CPU
		{A55DFDFA-273A-4338-9E60-47761EFCB272}.Debug|Any CPU.Build.0 = Debug|Any CPU
		{A55DFDFA-273A-4338-9E60-47761EFCB272}.Debug|x64.ActiveCfg = Debug|Any CPU
		{A55DFDFA-273A-4338-9E60-47761EFCB272}.Debug|x64.Build.0 = Debug|Any CPU
		{A55DFDFA-273A-4338-9E60-47761EFCB272}.Debug|x86.ActiveCfg = Debug|Any CPU
		{A55DFDFA-273A-4338-9E60-47761EFCB272}.Debug|x86.Build.0 = Debug|Any CPU
		{A55DFDFA-273A-4338-9E60-47761EFCB272}.Release|Any CPU.ActiveCfg = Release|Any CPU
		{A55DFDFA-273A-4338-9E60-47761EFCB272}.Release|Any CPU.Build.0 = Release|Any CPU
		{A55DFDFA-273A-4338-9E60-47761EFCB272}.Release|x64.ActiveCfg = Release|Any CPU
		{A55DFDFA-273A-4338-9E60-47761EFCB272}.Release|x64.Build.0 = Release|Any CPU
		{A55DFDFA-273A-4338-9E60-47761EFCB272}.Release|x86.ActiveCfg = Release|Any CPU
		{A55DFDFA-273A-4338-9E60-47761EFCB272}.Release|x86.Build.0 = Release|Any CPU
		{9420CE8C-14A0-42AA-9D17-8E1141E4068D}.Debug|Any CPU.ActiveCfg = Debug|Any CPU
		{9420CE8C-14A0-42AA-9D17-8E1141E4068D}.Debug|Any CPU.Build.0 = Debug|Any CPU
		{9420CE8C-14A0-42AA-9D17-8E1141E4068D}.Debug|x64.ActiveCfg = Debug|Any CPU
		{9420CE8C-14A0-42AA-9D17-8E1141E4068D}.Debug|x64.Build.0 = Debug|Any CPU
		{9420CE8C-14A0-42AA-9D17-8E1141E4068D}.Debug|x86.ActiveCfg = Debug|Any CPU
		{9420CE8C-14A0-42AA-9D17-8E1141E4068D}.Debug|x86.Build.0 = Debug|Any CPU
		{9420CE8C-14A0-42AA-9D17-8E1141E4068D}.Release|Any CPU.ActiveCfg = Release|Any CPU
		{9420CE8C-14A0-42AA-9D17-8E1141E4068D}.Release|Any CPU.Build.0 = Release|Any CPU
		{9420CE8C-14A0-42AA-9D17-8E1141E4068D}.Release|x64.ActiveCfg = Release|Any CPU
		{9420CE8C-14A0-42AA-9D17-8E1141E4068D}.Release|x64.Build.0 = Release|Any CPU
		{9420CE8C-14A0-42AA-9D17-8E1141E4068D}.Release|x86.ActiveCfg = Release|Any CPU
		{9420CE8C-14A0-42AA-9D17-8E1141E4068D}.Release|x86.Build.0 = Release|Any CPU
		{FF5DD989-F9B8-45D6-A869-FE86769E6125}.Debug|Any CPU.ActiveCfg = Debug|Any CPU
		{FF5DD989-F9B8-45D6-A869-FE86769E6125}.Debug|Any CPU.Build.0 = Debug|Any CPU
		{FF5DD989-F9B8-45D6-A869-FE86769E6125}.Debug|x64.ActiveCfg = Debug|Any CPU
		{FF5DD989-F9B8-45D6-A869-FE86769E6125}.Debug|x64.Build.0 = Debug|Any CPU
		{FF5DD989-F9B8-45D6-A869-FE86769E6125}.Debug|x86.ActiveCfg = Debug|Any CPU
		{FF5DD989-F9B8-45D6-A869-FE86769E6125}.Debug|x86.Build.0 = Debug|Any CPU
		{FF5DD989-F9B8-45D6-A869-FE86769E6125}.Release|Any CPU.ActiveCfg = Release|Any CPU
		{FF5DD989-F9B8-45D6-A869-FE86769E6125}.Release|Any CPU.Build.0 = Release|Any CPU
		{FF5DD989-F9B8-45D6-A869-FE86769E6125}.Release|x64.ActiveCfg = Release|Any CPU
		{FF5DD989-F9B8-45D6-A869-FE86769E6125}.Release|x64.Build.0 = Release|Any CPU
		{FF5DD989-F9B8-45D6-A869-FE86769E6125}.Release|x86.ActiveCfg = Release|Any CPU
		{FF5DD989-F9B8-45D6-A869-FE86769E6125}.Release|x86.Build.0 = Release|Any CPU
		{8BF24580-DC9A-4230-866B-3A214F2CDB6A}.Debug|Any CPU.ActiveCfg = Debug|Any CPU
		{8BF24580-DC9A-4230-866B-3A214F2CDB6A}.Debug|Any CPU.Build.0 = Debug|Any CPU
		{8BF24580-DC9A-4230-866B-3A214F2CDB6A}.Debug|x64.ActiveCfg = Debug|Any CPU
		{8BF24580-DC9A-4230-866B-3A214F2CDB6A}.Debug|x64.Build.0 = Debug|Any CPU
		{8BF24580-DC9A-4230-866B-3A214F2CDB6A}.Debug|x86.ActiveCfg = Debug|Any CPU
		{8BF24580-DC9A-4230-866B-3A214F2CDB6A}.Debug|x86.Build.0 = Debug|Any CPU
		{8BF24580-DC9A-4230-866B-3A214F2CDB6A}.Release|Any CPU.ActiveCfg = Release|Any CPU
		{8BF24580-DC9A-4230-866B-3A214F2CDB6A}.Release|Any CPU.Build.0 = Release|Any CPU
		{8BF24580-DC9A-4230-866B-3A214F2CDB6A}.Release|x64.ActiveCfg = Release|Any CPU
		{8BF24580-DC9A-4230-866B-3A214F2CDB6A}.Release|x64.Build.0 = Release|Any CPU
		{8BF24580-DC9A-4230-866B-3A214F2CDB6A}.Release|x86.ActiveCfg = Release|Any CPU
		{8BF24580-DC9A-4230-866B-3A214F2CDB6A}.Release|x86.Build.0 = Release|Any CPU
	EndGlobalSection
	GlobalSection(SolutionProperties) = preSolution
		HideSolutionNode = FALSE
	EndGlobalSection
	GlobalSection(NestedProjects) = preSolution
		{93F9A86A-1A43-4B27-BF9B-9B8526CA1CE6} = {0AB3BF05-4346-4AA6-1389-037BE0695223}
		{A55DFDFA-273A-4338-9E60-47761EFCB272} = {0AB3BF05-4346-4AA6-1389-037BE0695223}
		{9420CE8C-14A0-42AA-9D17-8E1141E4068D} = {0AB3BF05-4346-4AA6-1389-037BE0695223}
		{FF5DD989-F9B8-45D6-A869-FE86769E6125} = {0AB3BF05-4346-4AA6-1389-037BE0695223}
		{8BF24580-DC9A-4230-866B-3A214F2CDB6A} = {0AB3BF05-4346-4AA6-1389-037BE0695223}
	EndGlobalSection
	GlobalSection(ExtensibilityGlobals) = postSolution
		SolutionGuid = {078D342F-3FD9-4FD0-98E1-F3F550699B4F}
	EndGlobalSection
EndGlobal
